
Microsoft Visual Studio Solution File, Format Version 12.00
# Visual Studio Version 17
VisualStudioVersion = 17.7.34221.43
MinimumVisualStudioVersion = 10.0.40219.1
Project("{FAE04EC0-301F-11D3-BF4B-00C04F79EFBC}") = "BooksWebsite", "BooksWebsite\BooksWebsite.csproj", "{874D2C22-860E-4B81-889E-8DDFE6BE25E8}"
EndProject
Global
	GlobalSection(SolutionConfigurationPlatforms) = preSolution
		Debug|Any CPU = Debug|Any CPU
		Release|Any CPU = Release|Any CPU
	EndGlobalSection
	GlobalSection(ProjectConfigurationPlatforms) = postSolution
		{874D2C22-860E-4B81-889E-8DDFE6BE25E8}.Debug|Any CPU.ActiveCfg = Debug|Any CPU
		{874D2C22-860E-4B81-889E-8DDFE6BE25E8}.Debug|Any CPU.Build.0 = Debug|Any CPU
		{874D2C22-860E-4B81-889E-8DDFE6BE25E8}.Release|Any CPU.ActiveCfg = Release|Any CPU
		{874D2C22-860E-4B81-889E-8DDFE6BE25E8}.Release|Any CPU.Build.0 = Release|Any CPU
	EndGlobalSection
	GlobalSection(SolutionProperties) = preSolution
		HideSolutionNode = FALSE
	EndGlobalSection
	GlobalSection(ExtensibilityGlobals) = postSolution
		SolutionGuid = {B0847D43-2620-4404-97A8-00238D41AEAD}
	EndGlobalSection
EndGlobal
